
Microsoft Visual Studio Solution File, Format Version 12.00
# Visual Studio Version 17
VisualStudioVersion = 17.1.32328.378
MinimumVisualStudioVersion = 10.0.40219.1
Project("{FAE04EC0-301F-11D3-BF4B-00C04F79EFBC}") = "Restaurante-API", "Restaurante-API\Restaurante-API.csproj", "{ABB5342C-EE35-49B8-9B69-8AD2EDDC1971}"
	ProjectSection(ProjectDependencies) = postProject
		{4B910B20-C05F-440E-8D60-BFF0A86B880F} = {4B910B20-C05F-440E-8D60-BFF0A86B880F}
	EndProjectSection
EndProject
Project("{FAE04EC0-301F-11D3-BF4B-00C04F79EFBC}") = "Restaurante-CORE", "Restaurante-CORE\Restaurante-CORE.csproj", "{2F455993-065E-4488-A600-F71B7A562896}"
EndProject
Project("{FAE04EC0-301F-11D3-BF4B-00C04F79EFBC}") = "Restaurante-INFRASTRUCTURE", "Restaurante-INFRASTRUCTURE\Restaurante-INFRASTRUCTURE.csproj", "{F2B90F5D-A19D-45C9-868B-7B064C873781}"
	ProjectSection(ProjectDependencies) = postProject
		{2F455993-065E-4488-A600-F71B7A562896} = {2F455993-065E-4488-A600-F71B7A562896}
	EndProjectSection
EndProject
Project("{FAE04EC0-301F-11D3-BF4B-00C04F79EFBC}") = "Restaurante-SERVICE", "Restaurante-SERVICE\Restaurante-SERVICE.csproj", "{4B910B20-C05F-440E-8D60-BFF0A86B880F}"
	ProjectSection(ProjectDependencies) = postProject
		{F2B90F5D-A19D-45C9-868B-7B064C873781} = {F2B90F5D-A19D-45C9-868B-7B064C873781}
	EndProjectSection
EndProject
Global
	GlobalSection(SolutionConfigurationPlatforms) = preSolution
		Debug|Any CPU = Debug|Any CPU
		Release|Any CPU = Release|Any CPU
	EndGlobalSection
	GlobalSection(ProjectConfigurationPlatforms) = postSolution
		{ABB5342C-EE35-49B8-9B69-8AD2EDDC1971}.Debug|Any CPU.ActiveCfg = Debug|Any CPU
		{ABB5342C-EE35-49B8-9B69-8AD2EDDC1971}.Debug|Any CPU.Build.0 = Debug|Any CPU
		{ABB5342C-EE35-49B8-9B69-8AD2EDDC1971}.Release|Any CPU.ActiveCfg = Release|Any CPU
		{ABB5342C-EE35-49B8-9B69-8AD2EDDC1971}.Release|Any CPU.Build.0 = Release|Any CPU
		{2F455993-065E-4488-A600-F71B7A562896}.Debug|Any CPU.ActiveCfg = Debug|Any CPU
		{2F455993-065E-4488-A600-F71B7A562896}.Debug|Any CPU.Build.0 = Debug|Any CPU
		{2F455993-065E-4488-A600-F71B7A562896}.Release|Any CPU.ActiveCfg = Release|Any CPU
		{2F455993-065E-4488-A600-F71B7A562896}.Release|Any CPU.Build.0 = Release|Any CPU
		{F2B90F5D-A19D-45C9-868B-7B064C873781}.Debug|Any CPU.ActiveCfg = Debug|Any CPU
		{F2B90F5D-A19D-45C9-868B-7B064C873781}.Debug|Any CPU.Build.0 = Debug|Any CPU
		{F2B90F5D-A19D-45C9-868B-7B064C873781}.Release|Any CPU.ActiveCfg = Release|Any CPU
		{F2B90F5D-A19D-45C9-868B-7B064C873781}.Release|Any CPU.Build.0 = Release|Any CPU
		{4B910B20-C05F-440E-8D60-BFF0A86B880F}.Debug|Any CPU.ActiveCfg = Debug|Any CPU
		{4B910B20-C05F-440E-8D60-BFF0A86B880F}.Debug|Any CPU.Build.0 = Debug|Any CPU
		{4B910B20-C05F-440E-8D60-BFF0A86B880F}.Release|Any CPU.ActiveCfg = Release|Any CPU
		{4B910B20-C05F-440E-8D60-BFF0A86B880F}.Release|Any CPU.Build.0 = Release|Any CPU
	EndGlobalSection
	GlobalSection(SolutionProperties) = preSolution
		HideSolutionNode = FALSE
	EndGlobalSection
	GlobalSection(ExtensibilityGlobals) = postSolution
		SolutionGuid = {1906118E-2D95-4E8B-BA35-35D1A892EB6C}
	EndGlobalSection
EndGlobal
